
Microsoft Visual Studio Solution File, Format Version 12.00
# Visual Studio Version 17
VisualStudioVersion = 17.13.35806.99
MinimumVisualStudioVersion = 16.0.0.0
Project("{FAE04EC0-301F-11D3-BF4B-00C04F79EFBC}") = "Pathfinder_Shadows_in_Nagisa.Windows", "Pathfinder_Shadows_in_Nagisa.Windows\Pathfinder_Shadows_in_Nagisa.Windows.csproj", "{1930F2D7-1E0C-4353-8B41-4531FC86BB03}"
EndProject
Project("{FAE04EC0-301F-11D3-BF4B-00C04F79EFBC}") = "Pathfinder_Shadows_in_Nagisa", "Pathfinder_Shadows_in_Nagisa\Pathfinder_Shadows_in_Nagisa.csproj", "{623CA135-AF47-42E6-B475-7B0FF2DDCEDF}"
EndProject
Project("{FAE04EC0-301F-11D3-BF4B-00C04F79EFBC}") = "PathfinderSecondEdition", "PathfinderSecondEdition\PathfinderSecondEdition.csproj", "{3A18AD3A-78E6-A9A7-5B1E-E20F28A98184}"
EndProject
Global
	GlobalSection(SolutionConfigurationPlatforms) = preSolution
		Debug|Any CPU = Debug|Any CPU
		Release|Any CPU = Release|Any CPU
	EndGlobalSection
	GlobalSection(ProjectConfigurationPlatforms) = postSolution
		{1930F2D7-1E0C-4353-8B41-4531FC86BB03}.Debug|Any CPU.ActiveCfg = Debug|Any CPU
		{1930F2D7-1E0C-4353-8B41-4531FC86BB03}.Debug|Any CPU.Build.0 = Debug|Any CPU
		{1930F2D7-1E0C-4353-8B41-4531FC86BB03}.Release|Any CPU.ActiveCfg = Release|Any CPU
		{1930F2D7-1E0C-4353-8B41-4531FC86BB03}.Release|Any CPU.Build.0 = Release|Any CPU
		{623CA135-AF47-42E6-B475-7B0FF2DDCEDF}.Debug|Any CPU.ActiveCfg = Debug|Any CPU
		{623CA135-AF47-42E6-B475-7B0FF2DDCEDF}.Debug|Any CPU.Build.0 = Debug|Any CPU
		{623CA135-AF47-42E6-B475-7B0FF2DDCEDF}.Release|Any CPU.ActiveCfg = Release|Any CPU
		{623CA135-AF47-42E6-B475-7B0FF2DDCEDF}.Release|Any CPU.Build.0 = Release|Any CPU
		{3A18AD3A-78E6-A9A7-5B1E-E20F28A98184}.Debug|Any CPU.ActiveCfg = Debug|Any CPU
		{3A18AD3A-78E6-A9A7-5B1E-E20F28A98184}.Debug|Any CPU.Build.0 = Debug|Any CPU
		{3A18AD3A-78E6-A9A7-5B1E-E20F28A98184}.Release|Any CPU.ActiveCfg = Release|Any CPU
		{3A18AD3A-78E6-A9A7-5B1E-E20F28A98184}.Release|Any CPU.Build.0 = Release|Any CPU
	EndGlobalSection
	GlobalSection(SolutionProperties) = preSolution
		HideSolutionNode = FALSE
	EndGlobalSection
EndGlobal
